
Microsoft Visual Studio Solution File, Format Version 12.00
# Visual Studio Version 17
VisualStudioVersion = 17.0.32126.317
MinimumVisualStudioVersion = 10.0.40219.1
Project("{8BC9CEB8-8B4A-11D0-8D11-00A0C91BC942}") = "Task5Railway_v2", "Task5Railway_v2\Task5Railway_v2.vcxproj", "{1D3FB9B1-0C78-4EE1-BD0A-85BDF5726FFE}"
EndProject
Global
	GlobalSection(SolutionConfigurationPlatforms) = preSolution
		Debug|x64 = Debug|x64
		Debug|x86 = Debug|x86
		Release|x64 = Release|x64
		Release|x86 = Release|x86
	EndGlobalSection
	GlobalSection(ProjectConfigurationPlatforms) = postSolution
		{1D3FB9B1-0C78-4EE1-BD0A-85BDF5726FFE}.Debug|x64.ActiveCfg = Debug|x64
		{1D3FB9B1-0C78-4EE1-BD0A-85BDF5726FFE}.Debug|x64.Build.0 = Debug|x64
		{1D3FB9B1-0C78-4EE1-BD0A-85BDF5726FFE}.Debug|x86.ActiveCfg = Debug|Win32
		{1D3FB9B1-0C78-4EE1-BD0A-85BDF5726FFE}.Debug|x86.Build.0 = Debug|Win32
		{1D3FB9B1-0C78-4EE1-BD0A-85BDF5726FFE}.Release|x64.ActiveCfg = Release|x64
		{1D3FB9B1-0C78-4EE1-BD0A-85BDF5726FFE}.Release|x64.Build.0 = Release|x64
		{1D3FB9B1-0C78-4EE1-BD0A-85BDF5726FFE}.Release|x86.ActiveCfg = Release|Win32
		{1D3FB9B1-0C78-4EE1-BD0A-85BDF5726FFE}.Release|x86.Build.0 = Release|Win32
	EndGlobalSection
	GlobalSection(SolutionProperties) = preSolution
		HideSolutionNode = FALSE
	EndGlobalSection
	GlobalSection(ExtensibilityGlobals) = postSolution
		SolutionGuid = {B04B7E70-3758-49CA-B874-EC3BA0029BCD}
	EndGlobalSection
EndGlobal
